#
# This file is autogenerated by pip-compile with Python 3.11
# by the following command:
#
#    pip-compile --constraint=requirements.lock --no-emit-index-url --no-index --output-file=requirements.lock requirements.in
#
adafruit-blinka==8.66.2
    # via
    #   -c requirements.lock
    #   -r requirements.in
    #   adafruit-circuitpython-busdevice
    #   adafruit-circuitpython-connectionmanager
    #   adafruit-circuitpython-pca9685
    #   adafruit-circuitpython-register
    #   adafruit-circuitpython-requests
    #   adafruit-circuitpython-typing
adafruit-circuitpython-busdevice==5.2.14
    # via
    #   -c requirements.lock
    #   adafruit-circuitpython-pca9685
    #   adafruit-circuitpython-register
    #   adafruit-circuitpython-typing
adafruit-circuitpython-connectionmanager==3.1.6
    # via
    #   -c requirements.lock
    #   adafruit-circuitpython-requests
adafruit-circuitpython-pca9685==3.4.20
    # via
    #   -c requirements.lock
    #   -r requirements.in
adafruit-circuitpython-register==1.11.1
    # via
    #   -c requirements.lock
    #   adafruit-circuitpython-pca9685
adafruit-circuitpython-requests==4.1.14
    # via
    #   -c requirements.lock
    #   adafruit-circuitpython-typing
adafruit-circuitpython-typing==1.12.2
    # via
    #   -c requirements.lock
    #   adafruit-blinka
    #   adafruit-circuitpython-busdevice
    #   adafruit-circuitpython-register
adafruit-platformdetect==3.84.1
    # via
    #   -c requirements.lock
    #   adafruit-blinka
adafruit-pureio==1.1.11
    # via
    #   -c requirements.lock
    #   adafruit-blinka
binho-host-adapter==0.1.6
    # via
    #   -c requirements.lock
    #   adafruit-blinka
blinker==1.9.0
    # via
    #   -c requirements.lock
    #   flask
cffi==2.0.0
    # via
    #   -c requirements.lock
    #   sounddevice
    #   soundfile
click==8.3.0
    # via
    #   -c requirements.lock
    #   flask
flask==3.1.2
    # via
    #   -c requirements.lock
    #   -r requirements.in
gunicorn==22.0.0
    # via
    #   -r requirements.in
itsdangerous==2.2.0
    # via
    #   -c requirements.lock
    #   flask
jinja2==3.1.6
    # via
    #   -c requirements.lock
    #   flask
markupsafe==3.0.3
    # via
    #   -c requirements.lock
    #   flask
    #   jinja2
    #   werkzeug
numpy==2.3.4
    # via
    #   -c requirements.lock
    #   -r requirements.in
    #   soundfile
packaging==23.2
    # via
    #   gunicorn
pycparser==2.23
    # via
    #   -c requirements.lock
    #   cffi
pydub==0.25.1
    # via
    #   -c requirements.lock
    #   -r requirements.in
pyftdi==0.57.1
    # via
    #   -c requirements.lock
    #   adafruit-blinka
pyserial==3.5
    # via
    #   -c requirements.lock
    #   binho-host-adapter
    #   pyftdi
pyusb==1.3.1
    # via
    #   -c requirements.lock
    #   pyftdi
simpleaudio==1.0.4
    # via
    #   -c requirements.lock
    #   -r requirements.in
sounddevice==0.5.3
    # via
    #   -c requirements.lock
    #   -r requirements.in
soundfile==0.13.1
    # via
    #   -c requirements.lock
    #   -r requirements.in
sysv-ipc==1.1.0
    # via
    #   -c requirements.lock
    #   adafruit-blinka
typing-extensions==4.15.0
    # via
    #   -c requirements.lock
    #   adafruit-circuitpython-register
    #   adafruit-circuitpython-typing
werkzeug==3.1.3
    # via
    #   -c requirements.lock
    #   flask
